
Microsoft Visual Studio Solution File, Format Version 12.00
# Visual Studio Version 17
VisualStudioVersion = 17.4.33213.308
MinimumVisualStudioVersion = 10.0.40219.1
Project("{FAE04EC0-301F-11D3-BF4B-00C04F79EFBC}") = "PasswordEncryption", "PasswordEncryption\PasswordEncryption.csproj", "{F15B9F40-F64A-46B6-8CB3-F97B0CABD18A}"
EndProject
Global
	GlobalSection(SolutionConfigurationPlatforms) = preSolution
		Debug|Any CPU = Debug|Any CPU
		Release|Any CPU = Release|Any CPU
	EndGlobalSection
	GlobalSection(ProjectConfigurationPlatforms) = postSolution
		{F15B9F40-F64A-46B6-8CB3-F97B0CABD18A}.Debug|Any CPU.ActiveCfg = Debug|Any CPU
		{F15B9F40-F64A-46B6-8CB3-F97B0CABD18A}.Debug|Any CPU.Build.0 = Debug|Any CPU
		{F15B9F40-F64A-46B6-8CB3-F97B0CABD18A}.Release|Any CPU.ActiveCfg = Release|Any CPU
		{F15B9F40-F64A-46B6-8CB3-F97B0CABD18A}.Release|Any CPU.Build.0 = Release|Any CPU
	EndGlobalSection
	GlobalSection(SolutionProperties) = preSolution
		HideSolutionNode = FALSE
	EndGlobalSection
	GlobalSection(ExtensibilityGlobals) = postSolution
		SolutionGuid = {B6D3EF29-41A5-4A39-868F-2B07AF0A7308}
	EndGlobalSection
EndGlobal
